# This file was autogenerated by Stack.
# You should not edit this file by hand.
# For more information, please see the documentation at:
#   https://docs.haskellstack.org/en/stable/lock_files

packages:
- completed:
    hackage: universum-1.8.2@sha256:4f73c5b7ec9096fa67004f28e8beab681aa580701e9db16c261a4f017b5b0549,6697
    pantry-tree:
      sha256: 7bb9837cb8b355867be04e45b1d3779f1b3e8d0e881e388221441d7af10d698e
      size: 3534
  original:
    hackage: universum-1.8.2
- completed:
    hackage: o-clock-1.3.0@sha256:c3fd59629aafc2cb6e69889c755530026cf9d04182c9f8aafddb9f0c1a2a3aba,4585
    pantry-tree:
      sha256: 61bd2bae6739bdd37ff1a94194342105c6d7f480a0f1e326ac2db63c986281cd
      size: 1044
  original:
    hackage: o-clock-1.3.0
snapshots:
- completed:
    sha256: 1fc72fa74175fa3937b04c648229d601074183539a6f3d5cd49e99561873d79f
    size: 640039
    url: https://raw.githubusercontent.com/commercialhaskell/stackage-snapshots/master/lts/21/10.yaml
  original:
    url: https://raw.githubusercontent.com/commercialhaskell/stackage-snapshots/master/lts/21/10.yaml
